
Microsoft Visual Studio Solution File, Format Version 12.00
# Visual Studio Version 17
VisualStudioVersion = 17.6.33723.286
MinimumVisualStudioVersion = 10.0.40219.1
Project("{FAE04EC0-301F-11D3-BF4B-00C04F79EFBC}") = "RoomCalculatoriii", "RoomCalculatoriii\RoomCalculatoriii.csproj", "{9108B0E4-6FB5-47E4-9AA1-3E81693EC190}"
EndProject
Global
	GlobalSection(SolutionConfigurationPlatforms) = preSolution
		Debug|Any CPU = Debug|Any CPU
		Release|Any CPU = Release|Any CPU
	EndGlobalSection
	GlobalSection(ProjectConfigurationPlatforms) = postSolution
		{9108B0E4-6FB5-47E4-9AA1-3E81693EC190}.Debug|Any CPU.ActiveCfg = Debug|Any CPU
		{9108B0E4-6FB5-47E4-9AA1-3E81693EC190}.Debug|Any CPU.Build.0 = Debug|Any CPU
		{9108B0E4-6FB5-47E4-9AA1-3E81693EC190}.Release|Any CPU.ActiveCfg = Release|Any CPU
		{9108B0E4-6FB5-47E4-9AA1-3E81693EC190}.Release|Any CPU.Build.0 = Release|Any CPU
	EndGlobalSection
	GlobalSection(SolutionProperties) = preSolution
		HideSolutionNode = FALSE
	EndGlobalSection
	GlobalSection(ExtensibilityGlobals) = postSolution
		SolutionGuid = {8A64AD0E-F90A-4E44-9410-57970D261A54}
	EndGlobalSection
EndGlobal
